
Microsoft Visual Studio Solution File, Format Version 12.00
# Visual Studio Version 17
VisualStudioVersion = 17.14.36518.9 d17.14
MinimumVisualStudioVersion = 10.0.40219.1
Project("{8BC9CEB8-8B4A-11D0-8D11-00A0C91BC942}") = "ConsoleApplication1", "ConsoleApplication1\ConsoleApplication1.vcxproj", "{CACD3026-FC99-4F94-8FB6-2F6E5BD93EFD}"
EndProject
Global
	GlobalSection(SolutionConfigurationPlatforms) = preSolution
		Debug|x64 = Debug|x64
		Debug|x86 = Debug|x86
		Release|x64 = Release|x64
		Release|x86 = Release|x86
	EndGlobalSection
	GlobalSection(ProjectConfigurationPlatforms) = postSolution
		{CACD3026-FC99-4F94-8FB6-2F6E5BD93EFD}.Debug|x64.ActiveCfg = Debug|x64
		{CACD3026-FC99-4F94-8FB6-2F6E5BD93EFD}.Debug|x64.Build.0 = Debug|x64
		{CACD3026-FC99-4F94-8FB6-2F6E5BD93EFD}.Debug|x86.ActiveCfg = Debug|Win32
		{CACD3026-FC99-4F94-8FB6-2F6E5BD93EFD}.Debug|x86.Build.0 = Debug|Win32
		{CACD3026-FC99-4F94-8FB6-2F6E5BD93EFD}.Release|x64.ActiveCfg = Release|x64
		{CACD3026-FC99-4F94-8FB6-2F6E5BD93EFD}.Release|x64.Build.0 = Release|x64
		{CACD3026-FC99-4F94-8FB6-2F6E5BD93EFD}.Release|x86.ActiveCfg = Release|Win32
		{CACD3026-FC99-4F94-8FB6-2F6E5BD93EFD}.Release|x86.Build.0 = Release|Win32
	EndGlobalSection
	GlobalSection(SolutionProperties) = preSolution
		HideSolutionNode = FALSE
	EndGlobalSection
	GlobalSection(ExtensibilityGlobals) = postSolution
		SolutionGuid = {566448D6-2054-46D3-8918-6B9ADB7A8CB6}
	EndGlobalSection
EndGlobal
